
Microsoft Visual Studio Solution File, Format Version 12.00
# Visual Studio 14
VisualStudioVersion = 14.0.23107.0
MinimumVisualStudioVersion = 10.0.40219.1
Project("{FAE04EC0-301F-11D3-BF4B-00C04F79EFBC}") = "SHBTONLINE", "SHBTONLINE\SHBTONLINE.csproj", "{25414064-58F7-4FE1-A8D4-123C42551E72}"
EndProject
Project("{2150E333-8FDC-42A3-9474-1A3956D46DE8}") = "数据层", "数据层", "{9F443060-4179-40E9-B0DA-331219393BB0}"
EndProject
Project("{FAE04EC0-301F-11D3-BF4B-00C04F79EFBC}") = "CommonData", "CommonData\CommonData.csproj", "{A82AFC28-B5DB-45C5-BA38-3FCBAA569652}"
EndProject
Project("{FAE04EC0-301F-11D3-BF4B-00C04F79EFBC}") = "Data", "Data\Data.csproj", "{FBB8AE5C-3596-48E3-993D-49F866D45E65}"
EndProject
Project("{2150E333-8FDC-42A3-9474-1A3956D46DE8}") = "工具层", "工具层", "{3807E6AE-A605-49DA-9C2F-F0E6EC222714}"
EndProject
Project("{FAE04EC0-301F-11D3-BF4B-00C04F79EFBC}") = "EFTool", "EFTool\EFTool.csproj", "{37366C11-E44E-4C61-A681-653794ED5738}"
EndProject
Global
	GlobalSection(SolutionConfigurationPlatforms) = preSolution
		Debug|Any CPU = Debug|Any CPU
		Release|Any CPU = Release|Any CPU
	EndGlobalSection
	GlobalSection(ProjectConfigurationPlatforms) = postSolution
		{25414064-58F7-4FE1-A8D4-123C42551E72}.Debug|Any CPU.ActiveCfg = Debug|Any CPU
		{25414064-58F7-4FE1-A8D4-123C42551E72}.Debug|Any CPU.Build.0 = Debug|Any CPU
		{25414064-58F7-4FE1-A8D4-123C42551E72}.Release|Any CPU.ActiveCfg = Release|Any CPU
		{25414064-58F7-4FE1-A8D4-123C42551E72}.Release|Any CPU.Build.0 = Release|Any CPU
		{A82AFC28-B5DB-45C5-BA38-3FCBAA569652}.Debug|Any CPU.ActiveCfg = Debug|Any CPU
		{A82AFC28-B5DB-45C5-BA38-3FCBAA569652}.Debug|Any CPU.Build.0 = Debug|Any CPU
		{A82AFC28-B5DB-45C5-BA38-3FCBAA569652}.Release|Any CPU.ActiveCfg = Release|Any CPU
		{A82AFC28-B5DB-45C5-BA38-3FCBAA569652}.Release|Any CPU.Build.0 = Release|Any CPU
		{FBB8AE5C-3596-48E3-993D-49F866D45E65}.Debug|Any CPU.ActiveCfg = Debug|Any CPU
		{FBB8AE5C-3596-48E3-993D-49F866D45E65}.Debug|Any CPU.Build.0 = Debug|Any CPU
		{FBB8AE5C-3596-48E3-993D-49F866D45E65}.Release|Any CPU.ActiveCfg = Release|Any CPU
		{FBB8AE5C-3596-48E3-993D-49F866D45E65}.Release|Any CPU.Build.0 = Release|Any CPU
		{37366C11-E44E-4C61-A681-653794ED5738}.Debug|Any CPU.ActiveCfg = Debug|Any CPU
		{37366C11-E44E-4C61-A681-653794ED5738}.Debug|Any CPU.Build.0 = Debug|Any CPU
		{37366C11-E44E-4C61-A681-653794ED5738}.Release|Any CPU.ActiveCfg = Release|Any CPU
		{37366C11-E44E-4C61-A681-653794ED5738}.Release|Any CPU.Build.0 = Release|Any CPU
	EndGlobalSection
	GlobalSection(SolutionProperties) = preSolution
		HideSolutionNode = FALSE
	EndGlobalSection
	GlobalSection(NestedProjects) = preSolution
		{A82AFC28-B5DB-45C5-BA38-3FCBAA569652} = {9F443060-4179-40E9-B0DA-331219393BB0}
		{FBB8AE5C-3596-48E3-993D-49F866D45E65} = {9F443060-4179-40E9-B0DA-331219393BB0}
		{37366C11-E44E-4C61-A681-653794ED5738} = {3807E6AE-A605-49DA-9C2F-F0E6EC222714}
	EndGlobalSection
EndGlobal
